
Microsoft Visual Studio Solution File, Format Version 12.00
# Visual Studio Version 16
VisualStudioVersion = 16.0.30011.22
MinimumVisualStudioVersion = 10.0.40219.1
Project("{2150E333-8FDC-42A3-9474-1A3956D46DE8}") = "Services", "Services", "{F7FFCFC1-D6D6-453B-98B4-E6E104617D1D}"
EndProject
Project("{2150E333-8FDC-42A3-9474-1A3956D46DE8}") = "Catalog", "Catalog", "{17EB27DB-D298-4FB8-B55E-7A8C9CB28ABE}"
EndProject
Project("{9A19103F-16F7-4668-BE54-9A1E7A4F7556}") = "Catalog.API", "Services\Catalog\Catalog.API\Catalog.API.csproj", "{033D22F8-6434-4897-84D9-0252588ADEE8}"
EndProject
Project("{E53339B2-1760-4266-BCC7-CA923CBCF16C}") = "docker-compose", "docker-compose.dcproj", "{EDCC10F5-4E18-42A4-82BE-A6B28980CC6C}"
EndProject
Project("{2150E333-8FDC-42A3-9474-1A3956D46DE8}") = "Basket", "Basket", "{5A9643EA-6FB4-4DDC-85A4-BB0CA1DC76BF}"
EndProject
Project("{9A19103F-16F7-4668-BE54-9A1E7A4F7556}") = "Basket.API", "Services\Basket\Basket.API\Basket.API.csproj", "{E5906651-8BE3-44A8-906C-44E406D66F9B}"
EndProject
Project("{2150E333-8FDC-42A3-9474-1A3956D46DE8}") = "Discount", "Discount", "{475FB9F2-8683-4237-8FC9-EE877AE269BF}"
EndProject
Project("{9A19103F-16F7-4668-BE54-9A1E7A4F7556}") = "Discount.API", "Services\Discount\Discount.API\Discount.API.csproj", "{059AE87D-398F-42FD-9570-AC3A7FA78C4A}"
EndProject
Project("{9A19103F-16F7-4668-BE54-9A1E7A4F7556}") = "Discount.Grpc", "Services\Discount\Discount.Grpc\Discount.Grpc.csproj", "{59E68B12-F2CD-4D5E-B6E1-21F3D42637C8}"
EndProject
Project("{2150E333-8FDC-42A3-9474-1A3956D46DE8}") = "Ordering", "Ordering", "{545BBB67-E807-44F2-BAE5-B06CAE46239A}"
EndProject
Project("{9A19103F-16F7-4668-BE54-9A1E7A4F7556}") = "Ordering.API", "Services\Ordering\Ordering.API\Ordering.API.csproj", "{50371CFD-6A5E-4F9A-88CA-5B77E6BDE2F3}"
EndProject
Project("{9A19103F-16F7-4668-BE54-9A1E7A4F7556}") = "Ordering.Domain", "Services\Ordering\Ordering.Domain\Ordering.Domain.csproj", "{B94A3620-AB6B-4A4B-A9AF-474B96DEA2F4}"
EndProject
Project("{9A19103F-16F7-4668-BE54-9A1E7A4F7556}") = "Ordering.Application", "Services\Ordering\Ordering.Application\Ordering.Application.csproj", "{46990732-A137-489A-9C71-C35814C76CAC}"
EndProject
Project("{9A19103F-16F7-4668-BE54-9A1E7A4F7556}") = "Ordering.Infrastructure", "Services\Ordering\Ordering.Infrastructure\Ordering.Infrastructure.csproj", "{FB378C09-C9D8-4EF6-884A-E37AB9E348A0}"
EndProject
Project("{2150E333-8FDC-42A3-9474-1A3956D46DE8}") = "BuildingBlocks", "BuildingBlocks", "{AA5C7B10-1602-4663-9A04-7DC1D2804E8D}"
EndProject
Project("{9A19103F-16F7-4668-BE54-9A1E7A4F7556}") = "EventBus.Messages", "BuildingBlocks\EventBus.Messages\EventBus.Messages.csproj", "{499E0419-215D-47DD-BA61-EE79C4A701A0}"
EndProject
Global
	GlobalSection(SolutionConfigurationPlatforms) = preSolution
		Debug|Any CPU = Debug|Any CPU
		Release|Any CPU = Release|Any CPU
	EndGlobalSection
	GlobalSection(ProjectConfigurationPlatforms) = postSolution
		{033D22F8-6434-4897-84D9-0252588ADEE8}.Debug|Any CPU.ActiveCfg = Debug|Any CPU
		{033D22F8-6434-4897-84D9-0252588ADEE8}.Debug|Any CPU.Build.0 = Debug|Any CPU
		{033D22F8-6434-4897-84D9-0252588ADEE8}.Release|Any CPU.ActiveCfg = Release|Any CPU
		{033D22F8-6434-4897-84D9-0252588ADEE8}.Release|Any CPU.Build.0 = Release|Any CPU
		{EDCC10F5-4E18-42A4-82BE-A6B28980CC6C}.Debug|Any CPU.ActiveCfg = Debug|Any CPU
		{EDCC10F5-4E18-42A4-82BE-A6B28980CC6C}.Debug|Any CPU.Build.0 = Debug|Any CPU
		{EDCC10F5-4E18-42A4-82BE-A6B28980CC6C}.Release|Any CPU.ActiveCfg = Release|Any CPU
		{EDCC10F5-4E18-42A4-82BE-A6B28980CC6C}.Release|Any CPU.Build.0 = Release|Any CPU
		{E5906651-8BE3-44A8-906C-44E406D66F9B}.Debug|Any CPU.ActiveCfg = Debug|Any CPU
		{E5906651-8BE3-44A8-906C-44E406D66F9B}.Debug|Any CPU.Build.0 = Debug|Any CPU
		{E5906651-8BE3-44A8-906C-44E406D66F9B}.Release|Any CPU.ActiveCfg = Release|Any CPU
		{E5906651-8BE3-44A8-906C-44E406D66F9B}.Release|Any CPU.Build.0 = Release|Any CPU
		{059AE87D-398F-42FD-9570-AC3A7FA78C4A}.Debug|Any CPU.ActiveCfg = Debug|Any CPU
		{059AE87D-398F-42FD-9570-AC3A7FA78C4A}.Debug|Any CPU.Build.0 = Debug|Any CPU
		{059AE87D-398F-42FD-9570-AC3A7FA78C4A}.Release|Any CPU.ActiveCfg = Release|Any CPU
		{059AE87D-398F-42FD-9570-AC3A7FA78C4A}.Release|Any CPU.Build.0 = Release|Any CPU
		{59E68B12-F2CD-4D5E-B6E1-21F3D42637C8}.Debug|Any CPU.ActiveCfg = Debug|Any CPU
		{59E68B12-F2CD-4D5E-B6E1-21F3D42637C8}.Debug|Any CPU.Build.0 = Debug|Any CPU
		{59E68B12-F2CD-4D5E-B6E1-21F3D42637C8}.Release|Any CPU.ActiveCfg = Release|Any CPU
		{59E68B12-F2CD-4D5E-B6E1-21F3D42637C8}.Release|Any CPU.Build.0 = Release|Any CPU
		{50371CFD-6A5E-4F9A-88CA-5B77E6BDE2F3}.Debug|Any CPU.ActiveCfg = Debug|Any CPU
		{50371CFD-6A5E-4F9A-88CA-5B77E6BDE2F3}.Debug|Any CPU.Build.0 = Debug|Any CPU
		{50371CFD-6A5E-4F9A-88CA-5B77E6BDE2F3}.Release|Any CPU.ActiveCfg = Release|Any CPU
		{50371CFD-6A5E-4F9A-88CA-5B77E6BDE2F3}.Release|Any CPU.Build.0 = Release|Any CPU
		{B94A3620-AB6B-4A4B-A9AF-474B96DEA2F4}.Debug|Any CPU.ActiveCfg = Debug|Any CPU
		{B94A3620-AB6B-4A4B-A9AF-474B96DEA2F4}.Debug|Any CPU.Build.0 = Debug|Any CPU
		{B94A3620-AB6B-4A4B-A9AF-474B96DEA2F4}.Release|Any CPU.ActiveCfg = Release|Any CPU
		{B94A3620-AB6B-4A4B-A9AF-474B96DEA2F4}.Release|Any CPU.Build.0 = Release|Any CPU
		{46990732-A137-489A-9C71-C35814C76CAC}.Debug|Any CPU.ActiveCfg = Debug|Any CPU
		{46990732-A137-489A-9C71-C35814C76CAC}.Debug|Any CPU.Build.0 = Debug|Any CPU
		{46990732-A137-489A-9C71-C35814C76CAC}.Release|Any CPU.ActiveCfg = Release|Any CPU
		{46990732-A137-489A-9C71-C35814C76CAC}.Release|Any CPU.Build.0 = Release|Any CPU
		{FB378C09-C9D8-4EF6-884A-E37AB9E348A0}.Debug|Any CPU.ActiveCfg = Debug|Any CPU
		{FB378C09-C9D8-4EF6-884A-E37AB9E348A0}.Debug|Any CPU.Build.0 = Debug|Any CPU
		{FB378C09-C9D8-4EF6-884A-E37AB9E348A0}.Release|Any CPU.ActiveCfg = Release|Any CPU
		{FB378C09-C9D8-4EF6-884A-E37AB9E348A0}.Release|Any CPU.Build.0 = Release|Any CPU
		{499E0419-215D-47DD-BA61-EE79C4A701A0}.Debug|Any CPU.ActiveCfg = Debug|Any CPU
		{499E0419-215D-47DD-BA61-EE79C4A701A0}.Debug|Any CPU.Build.0 = Debug|Any CPU
		{499E0419-215D-47DD-BA61-EE79C4A701A0}.Release|Any CPU.ActiveCfg = Release|Any CPU
		{499E0419-215D-47DD-BA61-EE79C4A701A0}.Release|Any CPU.Build.0 = Release|Any CPU
	EndGlobalSection
	GlobalSection(SolutionProperties) = preSolution
		HideSolutionNode = FALSE
	EndGlobalSection
	GlobalSection(NestedProjects) = preSolution
		{17EB27DB-D298-4FB8-B55E-7A8C9CB28ABE} = {F7FFCFC1-D6D6-453B-98B4-E6E104617D1D}
		{033D22F8-6434-4897-84D9-0252588ADEE8} = {17EB27DB-D298-4FB8-B55E-7A8C9CB28ABE}
		{5A9643EA-6FB4-4DDC-85A4-BB0CA1DC76BF} = {F7FFCFC1-D6D6-453B-98B4-E6E104617D1D}
		{E5906651-8BE3-44A8-906C-44E406D66F9B} = {5A9643EA-6FB4-4DDC-85A4-BB0CA1DC76BF}
		{475FB9F2-8683-4237-8FC9-EE877AE269BF} = {F7FFCFC1-D6D6-453B-98B4-E6E104617D1D}
		{059AE87D-398F-42FD-9570-AC3A7FA78C4A} = {475FB9F2-8683-4237-8FC9-EE877AE269BF}
		{59E68B12-F2CD-4D5E-B6E1-21F3D42637C8} = {475FB9F2-8683-4237-8FC9-EE877AE269BF}
		{545BBB67-E807-44F2-BAE5-B06CAE46239A} = {F7FFCFC1-D6D6-453B-98B4-E6E104617D1D}
		{50371CFD-6A5E-4F9A-88CA-5B77E6BDE2F3} = {545BBB67-E807-44F2-BAE5-B06CAE46239A}
		{B94A3620-AB6B-4A4B-A9AF-474B96DEA2F4} = {545BBB67-E807-44F2-BAE5-B06CAE46239A}
		{46990732-A137-489A-9C71-C35814C76CAC} = {545BBB67-E807-44F2-BAE5-B06CAE46239A}
		{FB378C09-C9D8-4EF6-884A-E37AB9E348A0} = {545BBB67-E807-44F2-BAE5-B06CAE46239A}
		{499E0419-215D-47DD-BA61-EE79C4A701A0} = {AA5C7B10-1602-4663-9A04-7DC1D2804E8D}
	EndGlobalSection
	GlobalSection(ExtensibilityGlobals) = postSolution
		SolutionGuid = {DF5A94D3-32DA-40E6-8A9E-262B55CE5882}
	EndGlobalSection
EndGlobal
